// !$*UTF8*$!
{
	archiveVersion = 1;
	classes = {
	};
	objectVersion = 51;
	objects = {

/* Begin PBXBuildFile section */
		7D0B29F89944E02752C699CD /* Pods_HW_10_IP_Geo.framework in Frameworks */ = {isa = PBXBuildFile; fileRef = DD0FF37A2C7E2AD772E2EB67 /* Pods_HW_10_IP_Geo.framework */; };
		7F1C654B26BDBCC700DC949A /* AppDelegate.swift in Sources */ = {isa = PBXBuildFile; fileRef = 7F1C654A26BDBCC700DC949A /* AppDelegate.swift */; };
		7F1C654D26BDBCC700DC949A /* SceneDelegate.swift in Sources */ = {isa = PBXBuildFile; fileRef = 7F1C654C26BDBCC700DC949A /* SceneDelegate.swift */; };
		7F1C654F26BDBCC700DC949A /* ViewController.swift in Sources */ = {isa = PBXBuildFile; fileRef = 7F1C654E26BDBCC700DC949A /* ViewController.swift */; };
		7F1C655226BDBCC700DC949A /* Main.storyboard in Resources */ = {isa = PBXBuildFile; fileRef = 7F1C655026BDBCC700DC949A /* Main.storyboard */; };
		7F1C655426BDBCCB00DC949A /* Assets.xcassets in Resources */ = {isa = PBXBuildFile; fileRef = 7F1C655326BDBCCB00DC949A /* Assets.xcassets */; };
		7F1C655726BDBCCB00DC949A /* LaunchScreen.storyboard in Resources */ = {isa = PBXBuildFile; fileRef = 7F1C655526BDBCCB00DC949A /* LaunchScreen.storyboard */; };
		7F1C655F26BDBD4300DC949A /* IpGeo.swift in Sources */ = {isa = PBXBuildFile; fileRef = 7F1C655E26BDBD4300DC949A /* IpGeo.swift */; };
		7F1C656526BDC97300DC949A /* IpGeoViewController.swift in Sources */ = {isa = PBXBuildFile; fileRef = 7F1C656426BDC97300DC949A /* IpGeoViewController.swift */; };
		7F1C656C26C2853C00DC949A /* NetworkManager.swift in Sources */ = {isa = PBXBuildFile; fileRef = 7F1C656B26C2853C00DC949A /* NetworkManager.swift */; };
/* End PBXBuildFile section */

/* Begin PBXFileReference section */
		5618B35FFF951D5EC6DBD03F /* Pods-HW.10.IP_Geo.debug.xcconfig */ = {isa = PBXFileReference; includeInIndex = 1; lastKnownFileType = text.xcconfig; name = "Pods-HW.10.IP_Geo.debug.xcconfig"; path = "Target Support Files/Pods-HW.10.IP_Geo/Pods-HW.10.IP_Geo.debug.xcconfig"; sourceTree = "<group>"; };
		742438A6FA4ACB5911437C17 /* Pods-HW.10.IP_Geo.release.xcconfig */ = {isa = PBXFileReference; includeInIndex = 1; lastKnownFileType = text.xcconfig; name = "Pods-HW.10.IP_Geo.release.xcconfig"; path = "Target Support Files/Pods-HW.10.IP_Geo/Pods-HW.10.IP_Geo.release.xcconfig"; sourceTree = "<group>"; };
		7F1C654726BDBCC700DC949A /* CheckForLocation.app */ = {isa = PBXFileReference; explicitFileType = wrapper.application; includeInIndex = 0; path = CheckForLocation.app; sourceTree = BUILT_PRODUCTS_DIR; };
		7F1C654A26BDBCC700DC949A /* AppDelegate.swift */ = {isa = PBXFileReference; lastKnownFileType = sourcecode.swift; path = AppDelegate.swift; sourceTree = "<group>"; };
		7F1C654C26BDBCC700DC949A /* SceneDelegate.swift */ = {isa = PBXFileReference; lastKnownFileType = sourcecode.swift; path = SceneDelegate.swift; sourceTree = "<group>"; };
		7F1C654E26BDBCC700DC949A /* ViewController.swift */ = {isa = PBXFileReference; lastKnownFileType = sourcecode.swift; path = ViewController.swift; sourceTree = "<group>"; };
		7F1C655126BDBCC700DC949A /* Base */ = {isa = PBXFileReference; lastKnownFileType = file.storyboard; name = Base; path = Base.lproj/Main.storyboard; sourceTree = "<group>"; };
		7F1C655326BDBCCB00DC949A /* Assets.xcassets */ = {isa = PBXFileReference; lastKnownFileType = folder.assetcatalog; path = Assets.xcassets; sourceTree = "<group>"; };
		7F1C655626BDBCCB00DC949A /* Base */ = {isa = PBXFileReference; lastKnownFileType = file.storyboard; name = Base; path = Base.lproj/LaunchScreen.storyboard; sourceTree = "<group>"; };
		7F1C655826BDBCCB00DC949A /* Info.plist */ = {isa = PBXFileReference; lastKnownFileType = text.plist.xml; path = Info.plist; sourceTree = "<group>"; };
		7F1C655E26BDBD4300DC949A /* IpGeo.swift */ = {isa = PBXFileReference; lastKnownFileType = sourcecode.swift; path = IpGeo.swift; sourceTree = "<group>"; };
		7F1C656426BDC97300DC949A /* IpGeoViewController.swift */ = {isa = PBXFileReference; lastKnownFileType = sourcecode.swift; path = IpGeoViewController.swift; sourceTree = "<group>"; };
		7F1C656B26C2853C00DC949A /* NetworkManager.swift */ = {isa = PBXFileReference; lastKnownFileType = sourcecode.swift; path = NetworkManager.swift; sourceTree = "<group>"; };
		DD0FF37A2C7E2AD772E2EB67 /* Pods_HW_10_IP_Geo.framework */ = {isa = PBXFileReference; explicitFileType = wrapper.framework; includeInIndex = 0; path = Pods_HW_10_IP_Geo.framework; sourceTree = BUILT_PRODUCTS_DIR; };
/* End PBXFileReference section */

/* Begin PBXFrameworksBuildPhase section */
		7F1C654426BDBCC700DC949A /* Frameworks */ = {
			isa = PBXFrameworksBuildPhase;
			buildActionMask = 2147483647;
			files = (
				7D0B29F89944E02752C699CD /* Pods_HW_10_IP_Geo.framework in Frameworks */,
			);
			runOnlyForDeploymentPostprocessing = 0;
		};
/* End PBXFrameworksBuildPhase section */

/* Begin PBXGroup section */
		42211241F4FB6B0B9280BF51 /* Pods */ = {
			isa = PBXGroup;
			children = (
				5618B35FFF951D5EC6DBD03F /* Pods-HW.10.IP_Geo.debug.xcconfig */,
				742438A6FA4ACB5911437C17 /* Pods-HW.10.IP_Geo.release.xcconfig */,
			);
			path = Pods;
			sourceTree = "<group>";
		};
		4C8A74B93B300418FD98B744 /* Frameworks */ = {
			isa = PBXGroup;
			children = (
				DD0FF37A2C7E2AD772E2EB67 /* Pods_HW_10_IP_Geo.framework */,
			);
			name = Frameworks;
			sourceTree = "<group>";
		};
		7F1C653E26BDBCC700DC949A = {
			isa = PBXGroup;
			children = (
				7F1C654926BDBCC700DC949A /* CheckForlocation */,
				7F1C654826BDBCC700DC949A /* Products */,
				42211241F4FB6B0B9280BF51 /* Pods */,
				4C8A74B93B300418FD98B744 /* Frameworks */,
			);
			sourceTree = "<group>";
		};
		7F1C654826BDBCC700DC949A /* Products */ = {
			isa = PBXGroup;
			children = (
				7F1C654726BDBCC700DC949A /* CheckForLocation.app */,
			);
			name = Products;
			sourceTree = "<group>";
		};
		7F1C654926BDBCC700DC949A /* CheckForlocation */ = {
			isa = PBXGroup;
			children = (
				7F1C656326BDBDBF00DC949A /* Supporting files */,
				7F1C656026BDBD4800DC949A /* Models */,
				7F1C656126BDBD8C00DC949A /* View Controllers */,
				7F1C656226BDBDA300DC949A /* StoryBoards */,
				7F1C656D26C2854000DC949A /* Services */,
			);
			path = CheckForlocation;
			sourceTree = "<group>";
		};
		7F1C656026BDBD4800DC949A /* Models */ = {
			isa = PBXGroup;
			children = (
				7F1C655E26BDBD4300DC949A /* IpGeo.swift */,
			);
			path = Models;
			sourceTree = "<group>";
		};
		7F1C656126BDBD8C00DC949A /* View Controllers */ = {
			isa = PBXGroup;
			children = (
				7F1C656426BDC97300DC949A /* IpGeoViewController.swift */,
				7F1C654E26BDBCC700DC949A /* ViewController.swift */,
			);
			path = "View Controllers";
			sourceTree = "<group>";
		};
		7F1C656226BDBDA300DC949A /* StoryBoards */ = {
			isa = PBXGroup;
			children = (
				7F1C655026BDBCC700DC949A /* Main.storyboard */,
			);
			path = StoryBoards;
			sourceTree = "<group>";
		};
		7F1C656326BDBDBF00DC949A /* Supporting files */ = {
			isa = PBXGroup;
			children = (
				7F1C654A26BDBCC700DC949A /* AppDelegate.swift */,
				7F1C654C26BDBCC700DC949A /* SceneDelegate.swift */,
				7F1C655326BDBCCB00DC949A /* Assets.xcassets */,
				7F1C655526BDBCCB00DC949A /* LaunchScreen.storyboard */,
				7F1C655826BDBCCB00DC949A /* Info.plist */,
			);
			path = "Supporting files";
			sourceTree = "<group>";
		};
		7F1C656D26C2854000DC949A /* Services */ = {
			isa = PBXGroup;
			children = (
				7F1C656B26C2853C00DC949A /* NetworkManager.swift */,
			);
			path = Services;
			sourceTree = "<group>";
		};
/* End PBXGroup section */

/* Begin PBXNativeTarget section */
		7F1C654626BDBCC700DC949A /* CheckForLocation */ = {
			isa = PBXNativeTarget;
			buildConfigurationList = 7F1C655B26BDBCCB00DC949A /* Build configuration list for PBXNativeTarget "CheckForLocation" */;
			buildPhases = (
				4AC9674EF26DA4142E3A4B58 /* [CP] Check Pods Manifest.lock */,
				7F1C654326BDBCC700DC949A /* Sources */,
				7F1C654426BDBCC700DC949A /* Frameworks */,
				7F1C654526BDBCC700DC949A /* Resources */,
				85FC014B18A616F68A3572AD /* [CP] Embed Pods Frameworks */,
			);
			buildRules = (
			);
			dependencies = (
			);
			name = CheckForLocation;
			productName = HW.10.IP_Geo;
			productReference = 7F1C654726BDBCC700DC949A /* CheckForLocation.app */;
			productType = "com.apple.product-type.application";
		};
/* End PBXNativeTarget section */

/* Begin PBXProject section */
		7F1C653F26BDBCC700DC949A /* Project object */ = {
			isa = PBXProject;
			attributes = {
				LastSwiftUpdateCheck = 1250;
				LastUpgradeCheck = 1250;
				TargetAttributes = {
					7F1C654626BDBCC700DC949A = {
						CreatedOnToolsVersion = 12.5.1;
					};
				};
			};
			buildConfigurationList = 7F1C654226BDBCC700DC949A /* Build configuration list for PBXProject "CheckForLocation" */;
			compatibilityVersion = "Xcode 9.3";
			developmentRegion = en;
			hasScannedForEncodings = 0;
			knownRegions = (
				en,
				Base,
			);
			mainGroup = 7F1C653E26BDBCC700DC949A;
			productRefGroup = 7F1C654826BDBCC700DC949A /* Products */;
			projectDirPath = "";
			projectRoot = "";
			targets = (
				7F1C654626BDBCC700DC949A /* CheckForLocation */,
			);
		};
/* End PBXProject section */

/* Begin PBXResourcesBuildPhase section */
		7F1C654526BDBCC700DC949A /* Resources */ = {
			isa = PBXResourcesBuildPhase;
			buildActionMask = 2147483647;
			files = (
				7F1C655726BDBCCB00DC949A /* LaunchScreen.storyboard in Resources */,
				7F1C655426BDBCCB00DC949A /* Assets.xcassets in Resources */,
				7F1C655226BDBCC700DC949A /* Main.storyboard in Resources */,
			);
			runOnlyForDeploymentPostprocessing = 0;
		};
/* End PBXResourcesBuildPhase section */

/* Begin PBXShellScriptBuildPhase section */
		4AC9674EF26DA4142E3A4B58 /* [CP] Check Pods Manifest.lock */ = {
			isa = PBXShellScriptBuildPhase;
			buildActionMask = 2147483647;
			files = (
			);
			inputFileListPaths = (
			);
			inputPaths = (
				"${PODS_PODFILE_DIR_PATH}/Podfile.lock",
				"${PODS_ROOT}/Manifest.lock",
			);
			name = "[CP] Check Pods Manifest.lock";
			outputFileListPaths = (
			);
			outputPaths = (
				"$(DERIVED_FILE_DIR)/Pods-HW.10.IP_Geo-checkManifestLockResult.txt",
			);
			runOnlyForDeploymentPostprocessing = 0;
			shellPath = /bin/sh;
			shellScript = "diff \"${PODS_PODFILE_DIR_PATH}/Podfile.lock\" \"${PODS_ROOT}/Manifest.lock\" > /dev/null\nif [ $? != 0 ] ; then\n    # print error to STDERR\n    echo \"error: The sandbox is not in sync with the Podfile.lock. Run 'pod install' or update your CocoaPods installation.\" >&2\n    exit 1\nfi\n# This output is used by Xcode 'outputs' to avoid re-running this script phase.\necho \"SUCCESS\" > \"${SCRIPT_OUTPUT_FILE_0}\"\n";
			showEnvVarsInLog = 0;
		};
		85FC014B18A616F68A3572AD /* [CP] Embed Pods Frameworks */ = {
			isa = PBXShellScriptBuildPhase;
			buildActionMask = 2147483647;
			files = (
			);
			inputFileListPaths = (
				"${PODS_ROOT}/Target Support Files/Pods-HW.10.IP_Geo/Pods-HW.10.IP_Geo-frameworks-${CONFIGURATION}-input-files.xcfilelist",
			);
			name = "[CP] Embed Pods Frameworks";
			outputFileListPaths = (
				"${PODS_ROOT}/Target Support Files/Pods-HW.10.IP_Geo/Pods-HW.10.IP_Geo-frameworks-${CONFIGURATION}-output-files.xcfilelist",
			);
			runOnlyForDeploymentPostprocessing = 0;
			shellPath = /bin/sh;
			shellScript = "\"${PODS_ROOT}/Target Support Files/Pods-HW.10.IP_Geo/Pods-HW.10.IP_Geo-frameworks.sh\"\n";
			showEnvVarsInLog = 0;
		};
/* End PBXShellScriptBuildPhase section */

/* Begin PBXSourcesBuildPhase section */
		7F1C654326BDBCC700DC949A /* Sources */ = {
			isa = PBXSourcesBuildPhase;
			buildActionMask = 2147483647;
			files = (
				7F1C654F26BDBCC700DC949A /* ViewController.swift in Sources */,
				7F1C654B26BDBCC700DC949A /* AppDelegate.swift in Sources */,
				7F1C655F26BDBD4300DC949A /* IpGeo.swift in Sources */,
				7F1C656C26C2853C00DC949A /* NetworkManager.swift in Sources */,
				7F1C656526BDC97300DC949A /* IpGeoViewController.swift in Sources */,
				7F1C654D26BDBCC700DC949A /* SceneDelegate.swift in Sources */,
			);
			runOnlyForDeploymentPostprocessing = 0;
		};
/* End PBXSourcesBuildPhase section */

/* Begin PBXVariantGroup section */
		7F1C655026BDBCC700DC949A /* Main.storyboard */ = {
			isa = PBXVariantGroup;
			children = (
				7F1C655126BDBCC700DC949A /* Base */,
			);
			name = Main.storyboard;
			sourceTree = "<group>";
		};
		7F1C655526BDBCCB00DC949A /* LaunchScreen.storyboard */ = {
			isa = PBXVariantGroup;
			children = (
				7F1C655626BDBCCB00DC949A /* Base */,
			);
			name = LaunchScreen.storyboard;
			sourceTree = "<group>";
		};
/* End PBXVariantGroup section */

/* Begin XCBuildConfiguration section */
		7F1C655926BDBCCB00DC949A /* Debug */ = {
			isa = XCBuildConfiguration;
			buildSettings = {
				ALWAYS_SEARCH_USER_PATHS = NO;
				CLANG_ANALYZER_NONNULL = YES;
				CLANG_ANALYZER_NUMBER_OBJECT_CONVERSION = YES_AGGRESSIVE;
				CLANG_CXX_LANGUAGE_STANDARD = "gnu++14";
				CLANG_CXX_LIBRARY = "libc++";
				CLANG_ENABLE_MODULES = YES;
				CLANG_ENABLE_OBJC_ARC = YES;
				CLANG_ENABLE_OBJC_WEAK = YES;
				CLANG_WARN_BLOCK_CAPTURE_AUTORELEASING = YES;
				CLANG_WARN_BOOL_CONVERSION = YES;
				CLANG_WARN_COMMA = YES;
				CLANG_WARN_CONSTANT_CONVERSION = YES;
				CLANG_WARN_DEPRECATED_OBJC_IMPLEMENTATIONS = YES;
				CLANG_WARN_DIRECT_OBJC_ISA_USAGE = YES_ERROR;
				CLANG_WARN_DOCUMENTATION_COMMENTS = YES;
				CLANG_WARN_EMPTY_BODY = YES;
				CLANG_WARN_ENUM_CONVERSION = YES;
				CLANG_WARN_INFINITE_RECURSION = YES;
				CLANG_WARN_INT_CONVERSION = YES;
				CLANG_WARN_NON_LITERAL_NULL_CONVERSION = YES;
				CLANG_WARN_OBJC_IMPLICIT_RETAIN_SELF = YES;
				CLANG_WARN_OBJC_LITERAL_CONVERSION = YES;
				CLANG_WARN_OBJC_ROOT_CLASS = YES_ERROR;
				CLANG_WARN_QUOTED_INCLUDE_IN_FRAMEWORK_HEADER = YES;
				CLANG_WARN_RANGE_LOOP_ANALYSIS = YES;
				CLANG_WARN_STRICT_PROTOTYPES = YES;
				CLANG_WARN_SUSPICIOUS_MOVE = YES;
				CLANG_WARN_UNGUARDED_AVAILABILITY = YES_AGGRESSIVE;
				CLANG_WARN_UNREACHABLE_CODE = YES;
				CLANG_WARN__DUPLICATE_METHOD_MATCH = YES;
				COPY_PHASE_STRIP = NO;
				DEBUG_INFORMATION_FORMAT = dwarf;
				ENABLE_STRICT_OBJC_MSGSEND = YES;
				ENABLE_TESTABILITY = YES;
				GCC_C_LANGUAGE_STANDARD = gnu11;
				GCC_DYNAMIC_NO_PIC = NO;
				GCC_NO_COMMON_BLOCKS = YES;
				GCC_OPTIMIZATION_LEVEL = 0;
				GCC_PREPROCESSOR_DEFINITIONS = (
					"DEBUG=1",
					"$(inherited)",
				);
				GCC_WARN_64_TO_32_BIT_CONVERSION = YES;
				GCC_WARN_ABOUT_RETURN_TYPE = YES_ERROR;
				GCC_WARN_UNDECLARED_SELECTOR = YES;
				GCC_WARN_UNINITIALIZED_AUTOS = YES_AGGRESSIVE;
				GCC_WARN_UNUSED_FUNCTION = YES;
				GCC_WARN_UNUSED_VARIABLE = YES;
				IPHONEOS_DEPLOYMENT_TARGET = 14.5;
				MTL_ENABLE_DEBUG_INFO = INCLUDE_SOURCE;
				MTL_FAST_MATH = YES;
				ONLY_ACTIVE_ARCH = YES;
				SDKROOT = iphoneos;
				SWIFT_ACTIVE_COMPILATION_CONDITIONS = DEBUG;
				SWIFT_OPTIMIZATION_LEVEL = "-Onone";
			};
			name = Debug;
		};
		7F1C655A26BDBCCB00DC949A /* Release */ = {
			isa = XCBuildConfiguration;
			buildSettings = {
				ALWAYS_SEARCH_USER_PATHS = NO;
				CLANG_ANALYZER_NONNULL = YES;
				CLANG_ANALYZER_NUMBER_OBJECT_CONVERSION = YES_AGGRESSIVE;
				CLANG_CXX_LANGUAGE_STANDARD = "gnu++14";
				CLANG_CXX_LIBRARY = "libc++";
				CLANG_ENABLE_MODULES = YES;
				CLANG_ENABLE_OBJC_ARC = YES;
				CLANG_ENABLE_OBJC_WEAK = YES;
				CLANG_WARN_BLOCK_CAPTURE_AUTORELEASING = YES;
				CLANG_WARN_BOOL_CONVERSION = YES;
				CLANG_WARN_COMMA = YES;
				CLANG_WARN_CONSTANT_CONVERSION = YES;
				CLANG_WARN_DEPRECATED_OBJC_IMPLEMENTATIONS = YES;
				CLANG_WARN_DIRECT_OBJC_ISA_USAGE = YES_ERROR;
				CLANG_WARN_DOCUMENTATION_COMMENTS = YES;
				CLANG_WARN_EMPTY_BODY = YES;
				CLANG_WARN_ENUM_CONVERSION = YES;
				CLANG_WARN_INFINITE_RECURSION = YES;
				CLANG_WARN_INT_CONVERSION = YES;
				CLANG_WARN_NON_LITERAL_NULL_CONVERSION = YES;
				CLANG_WARN_OBJC_IMPLICIT_RETAIN_SELF = YES;
				CLANG_WARN_OBJC_LITERAL_CONVERSION = YES;
				CLANG_WARN_OBJC_ROOT_CLASS = YES_ERROR;
				CLANG_WARN_QUOTED_INCLUDE_IN_FRAMEWORK_HEADER = YES;
				CLANG_WARN_RANGE_LOOP_ANALYSIS = YES;
				CLANG_WARN_STRICT_PROTOTYPES = YES;
				CLANG_WARN_SUSPICIOUS_MOVE = YES;
				CLANG_WARN_UNGUARDED_AVAILABILITY = YES_AGGRESSIVE;
				CLANG_WARN_UNREACHABLE_CODE = YES;
				CLANG_WARN__DUPLICATE_METHOD_MATCH = YES;
				COPY_PHASE_STRIP = NO;
				DEBUG_INFORMATION_FORMAT = "dwarf-with-dsym";
				ENABLE_NS_ASSERTIONS = NO;
				ENABLE_STRICT_OBJC_MSGSEND = YES;
				GCC_C_LANGUAGE_STANDARD = gnu11;
				GCC_NO_COMMON_BLOCKS = YES;
				GCC_WARN_64_TO_32_BIT_CONVERSION = YES;
				GCC_WARN_ABOUT_RETURN_TYPE = YES_ERROR;
				GCC_WARN_UNDECLARED_SELECTOR = YES;
				GCC_WARN_UNINITIALIZED_AUTOS = YES_AGGRESSIVE;
				GCC_WARN_UNUSED_FUNCTION = YES;
				GCC_WARN_UNUSED_VARIABLE = YES;
				IPHONEOS_DEPLOYMENT_TARGET = 14.5;
				MTL_ENABLE_DEBUG_INFO = NO;
				MTL_FAST_MATH = YES;
				SDKROOT = iphoneos;
				SWIFT_COMPILATION_MODE = wholemodule;
				SWIFT_OPTIMIZATION_LEVEL = "-O";
				VALIDATE_PRODUCT = YES;
			};
			name = Release;
		};
		7F1C655C26BDBCCB00DC949A /* Debug */ = {
			isa = XCBuildConfiguration;
			baseConfigurationReference = 5618B35FFF951D5EC6DBD03F /* Pods-HW.10.IP_Geo.debug.xcconfig */;
			buildSettings = {
				ASSETCATALOG_COMPILER_APPICON_NAME = AppIcon;
				ASSETCATALOG_COMPILER_GLOBAL_ACCENT_COLOR_NAME = AccentColor;
				CODE_SIGN_STYLE = Automatic;
				DEVELOPMENT_TEAM = PD9MGCM3R5;
				INFOPLIST_FILE = "CheckForLocation/Supporting files/Info.plist";
				LD_RUNPATH_SEARCH_PATHS = (
					"$(inherited)",
					"@executable_path/Frameworks",
				);
				PRODUCT_BUNDLE_IDENTIFIER = "ru.swiftBook.HW-10-IP-Geo";
				PRODUCT_NAME = "$(TARGET_NAME)";
				SWIFT_VERSION = 5.0;
				TARGETED_DEVICE_FAMILY = "1,2";
			};
			name = Debug;
		};
		7F1C655D26BDBCCB00DC949A /* Release */ = {
			isa = XCBuildConfiguration;
			baseConfigurationReference = 742438A6FA4ACB5911437C17 /* Pods-HW.10.IP_Geo.release.xcconfig */;
			buildSettings = {
				ASSETCATALOG_COMPILER_APPICON_NAME = AppIcon;
				ASSETCATALOG_COMPILER_GLOBAL_ACCENT_COLOR_NAME = AccentColor;
				CODE_SIGN_STYLE = Automatic;
				DEVELOPMENT_TEAM = PD9MGCM3R5;
				INFOPLIST_FILE = "CheckForLocation/Supporting files/Info.plist";
				LD_RUNPATH_SEARCH_PATHS = (
					"$(inherited)",
					"@executable_path/Frameworks",
				);
				PRODUCT_BUNDLE_IDENTIFIER = "ru.swiftBook.HW-10-IP-Geo";
				PRODUCT_NAME = "$(TARGET_NAME)";
				SWIFT_VERSION = 5.0;
				TARGETED_DEVICE_FAMILY = "1,2";
			};
			name = Release;
		};
/* End XCBuildConfiguration section */

/* Begin XCConfigurationList section */
		7F1C654226BDBCC700DC949A /* Build configuration list for PBXProject "CheckForLocation" */ = {
			isa = XCConfigurationList;
			buildConfigurations = (
				7F1C655926BDBCCB00DC949A /* Debug */,
				7F1C655A26BDBCCB00DC949A /* Release */,
			);
			defaultConfigurationIsVisible = 0;
			defaultConfigurationName = Release;
		};
		7F1C655B26BDBCCB00DC949A /* Build configuration list for PBXNativeTarget "CheckForLocation" */ = {
			isa = XCConfigurationList;
			buildConfigurations = (
				7F1C655C26BDBCCB00DC949A /* Debug */,
				7F1C655D26BDBCCB00DC949A /* Release */,
			);
			defaultConfigurationIsVisible = 0;
			defaultConfigurationName = Release;
		};
/* End XCConfigurationList section */
	};
	rootObject = 7F1C653F26BDBCC700DC949A /* Project object */;
}
